Microsoft Visual Studio Solution File, Format Version 12.00
# Visual Studio 15
VisualStudioVersion = 15.0.26228.12
MinimumVisualStudioVersion = 10.0.40219.1
Project("{FAE04EC0-301F-11D3-BF4B-00C04F79EFBC}") = "Element", "Element\Element.csproj", "{9EC7E02C-9691-4697-9FF2-A30E05B40066}"
EndProject
Project("{FAE04EC0-301F-11D3-BF4B-00C04F79EFBC}") = "Element.iOS", "iOS\Element.iOS.csproj", "{A30F25A0-D9A9-475D-814F-0533AD237843}"
EndProject
Project("{FAE04EC0-301F-11D3-BF4B-00C04F79EFBC}") = "Element.Droid", "Droid\Element.Droid.csproj", "{24511408-30AF-47E9-886B-2A3E0E3E36DA}"
EndProject
Project("{FAE04EC0-301F-11D3-BF4B-00C04F79EFBC}") = "Element.UITests", "UITests\Element.UITests.csproj", "{4ECE0741-1D70-4972-900C-25863935E5AB}"
EndProject
Project("{FAE04EC0-301F-11D3-BF4B-00C04F79EFBC}") = "Element.UWP", "UWP\Element.UWP.csproj", "{0AF6B046-1C00-40CA-9DA4-CCA22E764D8C}"
EndProject
Global
	GlobalSection(SolutionConfigurationPlatforms) = preSolution
		Debug|Any CPU = Debug|Any CPU
		Debug|ARM = Debug|ARM
		Debug|iPhone = Debug|iPhone
		Debug|iPhoneSimulator = Debug|iPhoneSimulator
		Debug|x64 = Debug|x64
		Debug|x86 = Debug|x86
		Release|Any CPU = Release|Any CPU
		Release|ARM = Release|ARM
		Release|iPhone = Release|iPhone
		Release|iPhoneSimulator = Release|iPhoneSimulator
		Release|x64 = Release|x64
		Release|x86 = Release|x86
	EndGlobalSection
	GlobalSection(ProjectConfigurationPlatforms) = postSolution
		{9EC7E02C-9691-4697-9FF2-A30E05B40066}.Debug|Any CPU.ActiveCfg = Debug|Any CPU
		{9EC7E02C-9691-4697-9FF2-A30E05B40066}.Debug|Any CPU.Build.0 = Debug|Any CPU
		{9EC7E02C-9691-4697-9FF2-A30E05B40066}.Debug|ARM.ActiveCfg = Debug|Any CPU
		{9EC7E02C-9691-4697-9FF2-A30E05B40066}.Debug|ARM.Build.0 = Debug|Any CPU
		{9EC7E02C-9691-4697-9FF2-A30E05B40066}.Debug|iPhone.ActiveCfg = Debug|Any CPU
		{9EC7E02C-9691-4697-9FF2-A30E05B40066}.Debug|iPhone.Build.0 = Debug|Any CPU
		{9EC7E02C-9691-4697-9FF2-A30E05B40066}.Debug|iPhoneSimulator.ActiveCfg = Debug|Any CPU
		{9EC7E02C-9691-4697-9FF2-A30E05B40066}.Debug|iPhoneSimulator.Build.0 = Debug|Any CPU
		{9EC7E02C-9691-4697-9FF2-A30E05B40066}.Debug|x64.ActiveCfg = Debug|Any CPU
		{9EC7E02C-9691-4697-9FF2-A30E05B40066}.Debug|x64.Build.0 = Debug|Any CPU
		{9EC7E02C-9691-4697-9FF2-A30E05B40066}.Debug|x86.ActiveCfg = Debug|Any CPU
		{9EC7E02C-9691-4697-9FF2-A30E05B40066}.Debug|x86.Build.0 = Debug|Any CPU
		{9EC7E02C-9691-4697-9FF2-A30E05B40066}.Release|Any CPU.ActiveCfg = Release|Any CPU
		{9EC7E02C-9691-4697-9FF2-A30E05B40066}.Release|Any CPU.Build.0 = Release|Any CPU
		{9EC7E02C-9691-4697-9FF2-A30E05B40066}.Release|ARM.ActiveCfg = Release|Any CPU
		{9EC7E02C-9691-4697-9FF2-A30E05B40066}.Release|ARM.Build.0 = Release|Any CPU
		{9EC7E02C-9691-4697-9FF2-A30E05B40066}.Release|iPhone.ActiveCfg = Release|Any CPU
		{9EC7E02C-9691-4697-9FF2-A30E05B40066}.Release|iPhone.Build.0 = Release|Any CPU
		{9EC7E02C-9691-4697-9FF2-A30E05B40066}.Release|iPhoneSimulator.ActiveCfg = Release|Any CPU
		{9EC7E02C-9691-4697-9FF2-A30E05B40066}.Release|iPhoneSimulator.Build.0 = Release|Any CPU
		{9EC7E02C-9691-4697-9FF2-A30E05B40066}.Release|x64.ActiveCfg = Release|Any CPU
		{9EC7E02C-9691-4697-9FF2-A30E05B40066}.Release|x64.Build.0 = Release|Any CPU
		{9EC7E02C-9691-4697-9FF2-A30E05B40066}.Release|x86.ActiveCfg = Release|Any CPU
		{9EC7E02C-9691-4697-9FF2-A30E05B40066}.Release|x86.Build.0 = Release|Any CPU
		{A30F25A0-D9A9-475D-814F-0533AD237843}.Debug|Any CPU.ActiveCfg = Debug|iPhoneSimulator
		{A30F25A0-D9A9-475D-814F-0533AD237843}.Debug|Any CPU.Build.0 = Debug|iPhoneSimulator
		{A30F25A0-D9A9-475D-814F-0533AD237843}.Debug|ARM.ActiveCfg = Debug|iPhone
		{A30F25A0-D9A9-475D-814F-0533AD237843}.Debug|iPhone.ActiveCfg = Debug|iPhone
		{A30F25A0-D9A9-475D-814F-0533AD237843}.Debug|iPhone.Build.0 = Debug|iPhone
		{A30F25A0-D9A9-475D-814F-0533AD237843}.Debug|iPhoneSimulator.ActiveCfg = Debug|iPhoneSimulator
		{A30F25A0-D9A9-475D-814F-0533AD237843}.Debug|iPhoneSimulator.Build.0 = Debug|iPhoneSimulator
		{A30F25A0-D9A9-475D-814F-0533AD237843}.Debug|x64.ActiveCfg = Debug|iPhone
		{A30F25A0-D9A9-475D-814F-0533AD237843}.Debug|x86.ActiveCfg = Debug|iPhone
		{A30F25A0-D9A9-475D-814F-0533AD237843}.Release|Any CPU.ActiveCfg = Release|iPhone
		{A30F25A0-D9A9-475D-814F-0533AD237843}.Release|Any CPU.Build.0 = Release|iPhone
		{A30F25A0-D9A9-475D-814F-0533AD237843}.Release|ARM.ActiveCfg = Release|iPhoneSimulator
		{A30F25A0-D9A9-475D-814F-0533AD237843}.Release|iPhone.ActiveCfg = Release|iPhone
		{A30F25A0-D9A9-475D-814F-0533AD237843}.Release|iPhone.Build.0 = Release|iPhone
		{A30F25A0-D9A9-475D-814F-0533AD237843}.Release|iPhoneSimulator.ActiveCfg = Release|iPhoneSimulator
		{A30F25A0-D9A9-475D-814F-0533AD237843}.Release|iPhoneSimulator.Build.0 = Release|iPhoneSimulator
		{A30F25A0-D9A9-475D-814F-0533AD237843}.Release|x64.ActiveCfg = Release|iPhoneSimulator
		{A30F25A0-D9A9-475D-814F-0533AD237843}.Release|x86.ActiveCfg = Release|iPhoneSimulator
		{24511408-30AF-47E9-886B-2A3E0E3E36DA}.Debug|Any CPU.ActiveCfg = Debug|Any CPU
		{24511408-30AF-47E9-886B-2A3E0E3E36DA}.Debug|Any CPU.Build.0 = Debug|Any CPU
		{24511408-30AF-47E9-886B-2A3E0E3E36DA}.Debug|ARM.ActiveCfg = Debug|Any CPU
		{24511408-30AF-47E9-886B-2A3E0E3E36DA}.Debug|ARM.Build.0 = Debug|Any CPU
		{24511408-30AF-47E9-886B-2A3E0E3E36DA}.Debug|ARM.Deploy.0 = Debug|Any CPU
		{24511408-30AF-47E9-886B-2A3E0E3E36DA}.Debug|iPhone.ActiveCfg = Debug|Any CPU
		{24511408-30AF-47E9-886B-2A3E0E3E36DA}.Debug|iPhone.Build.0 = Debug|Any CPU
		{24511408-30AF-47E9-886B-2A3E0E3E36DA}.Debug|iPhoneSimulator.ActiveCfg = Debug|Any CPU
		{24511408-30AF-47E9-886B-2A3E0E3E36DA}.Debug|iPhoneSimulator.Build.0 = Debug|Any CPU
		{24511408-30AF-47E9-886B-2A3E0E3E36DA}.Debug|x64.ActiveCfg = Debug|Any CPU
		{24511408-30AF-47E9-886B-2A3E0E3E36DA}.Debug|x64.Build.0 = Debug|Any CPU
		{24511408-30AF-47E9-886B-2A3E0E3E36DA}.Debug|x64.Deploy.0 = Debug|Any CPU
		{24511408-30AF-47E9-886B-2A3E0E3E36DA}.Debug|x86.ActiveCfg = Debug|Any CPU
		{24511408-30AF-47E9-886B-2A3E0E3E36DA}.Debug|x86.Build.0 = Debug|Any CPU
		{24511408-30AF-47E9-886B-2A3E0E3E36DA}.Debug|x86.Deploy.0 = Debug|Any CPU
		{24511408-30AF-47E9-886B-2A3E0E3E36DA}.Release|Any CPU.ActiveCfg = Release|Any CPU
		{24511408-30AF-47E9-886B-2A3E0E3E36DA}.Release|Any CPU.Build.0 = Release|Any CPU
		{24511408-30AF-47E9-886B-2A3E0E3E36DA}.Release|ARM.ActiveCfg = Release|Any CPU
		{24511408-30AF-47E9-886B-2A3E0E3E36DA}.Release|ARM.Build.0 = Release|Any CPU
		{24511408-30AF-47E9-886B-2A3E0E3E36DA}.Release|ARM.Deploy.0 = Release|Any CPU
		{24511408-30AF-47E9-886B-2A3E0E3E36DA}.Release|iPhone.ActiveCfg = Release|Any CPU
		{24511408-30AF-47E9-886B-2A3E0E3E36DA}.Release|iPhone.Build.0 = Release|Any CPU
		{24511408-30AF-47E9-886B-2A3E0E3E36DA}.Release|iPhoneSimulator.ActiveCfg = Release|Any CPU
		{24511408-30AF-47E9-886B-2A3E0E3E36DA}.Release|iPhoneSimulator.Build.0 = Release|Any CPU
		{24511408-30AF-47E9-886B-2A3E0E3E36DA}.Release|x64.ActiveCfg = Release|Any CPU
		{24511408-30AF-47E9-886B-2A3E0E3E36DA}.Release|x64.Build.0 = Release|Any CPU
		{24511408-30AF-47E9-886B-2A3E0E3E36DA}.Release|x64.Deploy.0 = Release|Any CPU
		{24511408-30AF-47E9-886B-2A3E0E3E36DA}.Release|x86.ActiveCfg = Release|Any CPU
		{24511408-30AF-47E9-886B-2A3E0E3E36DA}.Release|x86.Build.0 = Release|Any CPU
		{24511408-30AF-47E9-886B-2A3E0E3E36DA}.Release|x86.Deploy.0 = Release|Any CPU
		{4ECE0741-1D70-4972-900C-25863935E5AB}.Debug|Any CPU.ActiveCfg = Debug|Any CPU
		{4ECE0741-1D70-4972-900C-25863935E5AB}.Debug|Any CPU.Build.0 = Debug|Any CPU
		{4ECE0741-1D70-4972-900C-25863935E5AB}.Debug|ARM.ActiveCfg = Debug|Any CPU
		{4ECE0741-1D70-4972-900C-25863935E5AB}.Debug|ARM.Build.0 = Debug|Any CPU
		{4ECE0741-1D70-4972-900C-25863935E5AB}.Debug|iPhone.ActiveCfg = Debug|Any CPU
		{4ECE0741-1D70-4972-900C-25863935E5AB}.Debug|iPhone.Build.0 = Debug|Any CPU
		{4ECE0741-1D70-4972-900C-25863935E5AB}.Debug|iPhoneSimulator.ActiveCfg = Debug|Any CPU
		{4ECE0741-1D70-4972-900C-25863935E5AB}.Debug|iPhoneSimulator.Build.0 = Debug|Any CPU
		{4ECE0741-1D70-4972-900C-25863935E5AB}.Debug|x64.ActiveCfg = Debug|Any CPU
		{4ECE0741-1D70-4972-900C-25863935E5AB}.Debug|x64.Build.0 = Debug|Any CPU
		{4ECE0741-1D70-4972-900C-25863935E5AB}.Debug|x86.ActiveCfg = Debug|Any CPU
		{4ECE0741-1D70-4972-900C-25863935E5AB}.Debug|x86.Build.0 = Debug|Any CPU
		{4ECE0741-1D70-4972-900C-25863935E5AB}.Release|Any CPU.ActiveCfg = Release|Any CPU
		{4ECE0741-1D70-4972-900C-25863935E5AB}.Release|Any CPU.Build.0 = Release|Any CPU
		{4ECE0741-1D70-4972-900C-25863935E5AB}.Release|ARM.ActiveCfg = Release|Any CPU
		{4ECE0741-1D70-4972-900C-25863935E5AB}.Release|ARM.Build.0 = Release|Any CPU
		{4ECE0741-1D70-4972-900C-25863935E5AB}.Release|iPhone.ActiveCfg = Release|Any CPU
		{4ECE0741-1D70-4972-900C-25863935E5AB}.Release|iPhone.Build.0 = Release|Any CPU
		{4ECE0741-1D70-4972-900C-25863935E5AB}.Release|iPhoneSimulator.ActiveCfg = Release|Any CPU
		{4ECE0741-1D70-4972-900C-25863935E5AB}.Release|iPhoneSimulator.Build.0 = Release|Any CPU
		{4ECE0741-1D70-4972-900C-25863935E5AB}.Release|x64.ActiveCfg = Release|Any CPU
		{4ECE0741-1D70-4972-900C-25863935E5AB}.Release|x64.Build.0 = Release|Any CPU
		{4ECE0741-1D70-4972-900C-25863935E5AB}.Release|x86.ActiveCfg = Release|Any CPU
		{4ECE0741-1D70-4972-900C-25863935E5AB}.Release|x86.Build.0 = Release|Any CPU
		{0AF6B046-1C00-40CA-9DA4-CCA22E764D8C}.Debug|Any CPU.ActiveCfg = Debug|x86
		{0AF6B046-1C00-40CA-9DA4-CCA22E764D8C}.Debug|ARM.ActiveCfg = Debug|ARM
		{0AF6B046-1C00-40CA-9DA4-CCA22E764D8C}.Debug|ARM.Build.0 = Debug|ARM
		{0AF6B046-1C00-40CA-9DA4-CCA22E764D8C}.Debug|ARM.Deploy.0 = Debug|ARM
		{0AF6B046-1C00-40CA-9DA4-CCA22E764D8C}.Debug|iPhone.ActiveCfg = Debug|x86
		{0AF6B046-1C00-40CA-9DA4-CCA22E764D8C}.Debug|iPhoneSimulator.ActiveCfg = Debug|x86
		{0AF6B046-1C00-40CA-9DA4-CCA22E764D8C}.Debug|x64.ActiveCfg = Debug|x64
		{0AF6B046-1C00-40CA-9DA4-CCA22E764D8C}.Debug|x64.Build.0 = Debug|x64
		{0AF6B046-1C00-40CA-9DA4-CCA22E764D8C}.Debug|x64.Deploy.0 = Debug|x64
		{0AF6B046-1C00-40CA-9DA4-CCA22E764D8C}.Debug|x86.ActiveCfg = Debug|x86
		{0AF6B046-1C00-40CA-9DA4-CCA22E764D8C}.Debug|x86.Build.0 = Debug|x86
		{0AF6B046-1C00-40CA-9DA4-CCA22E764D8C}.Debug|x86.Deploy.0 = Debug|x86
		{0AF6B046-1C00-40CA-9DA4-CCA22E764D8C}.Release|Any CPU.ActiveCfg = Release|x86
		{0AF6B046-1C00-40CA-9DA4-CCA22E764D8C}.Release|ARM.ActiveCfg = Release|ARM
		{0AF6B046-1C00-40CA-9DA4-CCA22E764D8C}.Release|ARM.Build.0 = Release|ARM
		{0AF6B046-1C00-40CA-9DA4-CCA22E764D8C}.Release|ARM.Deploy.0 = Release|ARM
		{0AF6B046-1C00-40CA-9DA4-CCA22E764D8C}.Release|iPhone.ActiveCfg = Release|x86
		{0AF6B046-1C00-40CA-9DA4-CCA22E764D8C}.Release|iPhoneSimulator.ActiveCfg = Release|x86
		{0AF6B046-1C00-40CA-9DA4-CCA22E764D8C}.Release|x64.ActiveCfg = Release|x64
		{0AF6B046-1C00-40CA-9DA4-CCA22E764D8C}.Release|x64.Build.0 = Release|x64
		{0AF6B046-1C00-40CA-9DA4-CCA22E764D8C}.Release|x64.Deploy.0 = Release|x64
		{0AF6B046-1C00-40CA-9DA4-CCA22E764D8C}.Release|x86.ActiveCfg = Release|x86
		{0AF6B046-1C00-40CA-9DA4-CCA22E764D8C}.Release|x86.Build.0 = Release|x86
		{0AF6B046-1C00-40CA-9DA4-CCA22E764D8C}.Release|x86.Deploy.0 = Release|x86
	EndGlobalSection
	GlobalSection(SolutionProperties) = preSolution
		HideSolutionNode = FALSE
	EndGlobalSection
EndGlobal
